// !$*UTF8*$!
{
	archiveVersion = 1;
	classes = {
	};
	objectVersion = 46;
	objects = {

/* Begin PBXBuildFile section */
		3605856319936342007F9816 /* AppDelegate.swift in Sources */ = {isa = PBXBuildFile; fileRef = 3605856219936342007F9816 /* AppDelegate.swift */; };
		3605856519936342007F9816 /* ViewController.swift in Sources */ = {isa = PBXBuildFile; fileRef = 3605856419936342007F9816 /* ViewController.swift */; };
		3605856819936342007F9816 /* Main.storyboard in Resources */ = {isa = PBXBuildFile; fileRef = 3605856619936342007F9816 /* Main.storyboard */; };
		3605856A19936342007F9816 /* Images.xcassets in Resources */ = {isa = PBXBuildFile; fileRef = 3605856919936342007F9816 /* Images.xcassets */; };
		3605857619936342007F9816 /* scTests.swift in Sources */ = {isa = PBXBuildFile; fileRef = 3605857519936342007F9816 /* scTests.swift */; };
		3605858619937011007F9816 /* DisViewController.swift in Sources */ = {isa = PBXBuildFile; fileRef = 3605858519937011007F9816 /* DisViewController.swift */; };
/* End PBXBuildFile section */

/* Begin PBXContainerItemProxy section */
		3605857019936342007F9816 /* PBXContainerItemProxy */ = {
			isa = PBXContainerItemProxy;
			containerPortal = 3605855519936342007F9816 /* Project object */;
			proxyType = 1;
			remoteGlobalIDString = 3605855C19936342007F9816;
			remoteInfo = sc;
		};
/* End PBXContainerItemProxy section */

/* Begin PBXFileReference section */
		3605855D19936342007F9816 /* sc.app */ = {isa = PBXFileReference; explicitFileType = wrapper.application; includeInIndex = 0; path = sc.app; sourceTree = BUILT_PRODUCTS_DIR; };
		3605856119936342007F9816 /* Info.plist */ = {isa = PBXFileReference; lastKnownFileType = text.plist.xml; path = Info.plist; sourceTree = "<group>"; };
		3605856219936342007F9816 /* AppDelegate.swift */ = {isa = PBXFileReference; lastKnownFileType = sourcecode.swift; path = AppDelegate.swift; sourceTree = "<group>"; };
		3605856419936342007F9816 /* ViewController.swift */ = {isa = PBXFileReference; lastKnownFileType = sourcecode.swift; path = ViewController.swift; sourceTree = "<group>"; };
		3605856719936342007F9816 /* Base */ = {isa = PBXFileReference; lastKnownFileType = file.storyboard; name = Base; path = Base.lproj/Main.storyboard; sourceTree = "<group>"; };
		3605856919936342007F9816 /* Images.xcassets */ = {isa = PBXFileReference; lastKnownFileType = folder.assetcatalog; path = Images.xcassets; sourceTree = "<group>"; };
		3605856F19936342007F9816 /* scTests.xctest */ = {isa = PBXFileReference; explicitFileType = wrapper.cfbundle; includeInIndex = 0; path = scTests.xctest; sourceTree = BUILT_PRODUCTS_DIR; };
		3605857419936342007F9816 /* Info.plist */ = {isa = PBXFileReference; lastKnownFileType = text.plist.xml; path = Info.plist; sourceTree = "<group>"; };
		3605857519936342007F9816 /* scTests.swift */ = {isa = PBXFileReference; lastKnownFileType = sourcecode.swift; path = scTests.swift; sourceTree = "<group>"; };
		3605858519937011007F9816 /* DisViewController.swift */ = {isa = PBXFileReference; fileEncoding = 4; lastKnownFileType = sourcecode.swift; path = DisViewController.swift; sourceTree = "<group>"; };
/* End PBXFileReference section */

/* Begin PBXFrameworksBuildPhase section */
		3605855A19936342007F9816 /* Frameworks */ = {
			isa = PBXFrameworksBuildPhase;
			buildActionMask = 2147483647;
			files = (
			);
			runOnlyForDeploymentPostprocessing = 0;
		};
		3605856C19936342007F9816 /* Frameworks */ = {
			isa = PBXFrameworksBuildPhase;
			buildActionMask = 2147483647;
			files = (
			);
			runOnlyForDeploymentPostprocessing = 0;
		};
/* End PBXFrameworksBuildPhase section */

/* Begin PBXGroup section */
		3605855419936342007F9816 = {
			isa = PBXGroup;
			children = (
				3605855F19936342007F9816 /* sc */,
				3605857219936342007F9816 /* scTests */,
				3605855E19936342007F9816 /* Products */,
			);
			sourceTree = "<group>";
		};
		3605855E19936342007F9816 /* Products */ = {
			isa = PBXGroup;
			children = (
				3605855D19936342007F9816 /* sc.app */,
				3605856F19936342007F9816 /* scTests.xctest */,
			);
			name = Products;
			sourceTree = "<group>";
		};
		3605855F19936342007F9816 /* sc */ = {
			isa = PBXGroup;
			children = (
				3605856219936342007F9816 /* AppDelegate.swift */,
				3605856419936342007F9816 /* ViewController.swift */,
				3605858519937011007F9816 /* DisViewController.swift */,
				3605856619936342007F9816 /* Main.storyboard */,
				3605856919936342007F9816 /* Images.xcassets */,
				3605856019936342007F9816 /* Supporting Files */,
			);
			path = sc;
			sourceTree = "<group>";
		};
		3605856019936342007F9816 /* Supporting Files */ = {
			isa = PBXGroup;
			children = (
				3605856119936342007F9816 /* Info.plist */,
			);
			name = "Supporting Files";
			sourceTree = "<group>";
		};
		3605857219936342007F9816 /* scTests */ = {
			isa = PBXGroup;
			children = (
				3605857519936342007F9816 /* scTests.swift */,
				3605857319936342007F9816 /* Supporting Files */,
			);
			path = scTests;
			sourceTree = "<group>";
		};
		3605857319936342007F9816 /* Supporting Files */ = {
			isa = PBXGroup;
			children = (
				3605857419936342007F9816 /* Info.plist */,
			);
			name = "Supporting Files";
			sourceTree = "<group>";
		};
/* End PBXGroup section */

/* Begin PBXNativeTarget section */
		3605855C19936342007F9816 /* sc */ = {
			isa = PBXNativeTarget;
			buildConfigurationList = 3605857919936342007F9816 /* Build configuration list for PBXNativeTarget "sc" */;
			buildPhases = (
				3605855919936342007F9816 /* Sources */,
				3605855A19936342007F9816 /* Frameworks */,
				3605855B19936342007F9816 /* Resources */,
			);
			buildRules = (
			);
			dependencies = (
			);
			name = sc;
			productName = sc;
			productReference = 3605855D19936342007F9816 /* sc.app */;
			productType = "com.apple.product-type.application";
		};
		3605856E19936342007F9816 /* scTests */ = {
			isa = PBXNativeTarget;
			buildConfigurationList = 3605857C19936342007F9816 /* Build configuration list for PBXNativeTarget "scTests" */;
			buildPhases = (
				3605856B19936342007F9816 /* Sources */,
				3605856C19936342007F9816 /* Frameworks */,
				3605856D19936342007F9816 /* Resources */,
			);
			buildRules = (
			);
			dependencies = (
				3605857119936342007F9816 /* PBXTargetDependency */,
			);
			name = scTests;
			productName = scTests;
			productReference = 3605856F19936342007F9816 /* scTests.xctest */;
			productType = "com.apple.product-type.bundle.unit-test";
		};
/* End PBXNativeTarget section */

/* Begin PBXProject section */
		3605855519936342007F9816 /* Project object */ = {
			isa = PBXProject;
			attributes = {
				LastUpgradeCheck = 0600;
				ORGANIZATIONNAME = mohoo;
				TargetAttributes = {
					3605855C19936342007F9816 = {
						CreatedOnToolsVersion = 6.0;
					};
					3605856E19936342007F9816 = {
						CreatedOnToolsVersion = 6.0;
						TestTargetID = 3605855C19936342007F9816;
					};
				};
			};
			buildConfigurationList = 3605855819936342007F9816 /* Build configuration list for PBXProject "sc" */;
			compatibilityVersion = "Xcode 3.2";
			developmentRegion = English;
			hasScannedForEncodings = 0;
			knownRegions = (
				en,
				Base,
			);
			mainGroup = 3605855419936342007F9816;
			productRefGroup = 3605855E19936342007F9816 /* Products */;
			projectDirPath = "";
			projectRoot = "";
			targets = (
				3605855C19936342007F9816 /* sc */,
				3605856E19936342007F9816 /* scTests */,
			);
		};
/* End PBXProject section */

/* Begin PBXResourcesBuildPhase section */
		3605855B19936342007F9816 /* Resources */ = {
			isa = PBXResourcesBuildPhase;
			buildActionMask = 2147483647;
			files = (
				3605856819936342007F9816 /* Main.storyboard in Resources */,
				3605856A19936342007F9816 /* Images.xcassets in Resources */,
			);
			runOnlyForDeploymentPostprocessing = 0;
		};
		3605856D19936342007F9816 /* Resources */ = {
			isa = PBXResourcesBuildPhase;
			buildActionMask = 2147483647;
			files = (
			);
			runOnlyForDeploymentPostprocessing = 0;
		};
/* End PBXResourcesBuildPhase section */

/* Begin PBXSourcesBuildPhase section */
		3605855919936342007F9816 /* Sources */ = {
			isa = PBXSourcesBuildPhase;
			buildActionMask = 2147483647;
			files = (
				3605856519936342007F9816 /* ViewController.swift in Sources */,
				3605858619937011007F9816 /* DisViewController.swift in Sources */,
				3605856319936342007F9816 /* AppDelegate.swift in Sources */,
			);
			runOnlyForDeploymentPostprocessing = 0;
		};
		3605856B19936342007F9816 /* Sources */ = {
			isa = PBXSourcesBuildPhase;
			buildActionMask = 2147483647;
			files = (
				3605857619936342007F9816 /* scTests.swift in Sources */,
			);
			runOnlyForDeploymentPostprocessing = 0;
		};
/* End PBXSourcesBuildPhase section */

/* Begin PBXTargetDependency section */
		3605857119936342007F9816 /* PBXTargetDependency */ = {
			isa = PBXTargetDependency;
			target = 3605855C19936342007F9816 /* sc */;
			targetProxy = 3605857019936342007F9816 /* PBXContainerItemProxy */;
		};
/* End PBXTargetDependency section */

/* Begin PBXVariantGroup section */
		3605856619936342007F9816 /* Main.storyboard */ = {
			isa = PBXVariantGroup;
			children = (
				3605856719936342007F9816 /* Base */,
			);
			name = Main.storyboard;
			sourceTree = "<group>";
		};
/* End PBXVariantGroup section */

/* Begin XCBuildConfiguration section */
		3605857719936342007F9816 /* Debug */ = {
			isa = XCBuildConfiguration;
			buildSettings = {
				ALWAYS_SEARCH_USER_PATHS = NO;
				CLANG_CXX_LANGUAGE_STANDARD = "gnu++0x";
				CLANG_CXX_LIBRARY = "libc++";
				CLANG_ENABLE_MODULES = YES;
				CLANG_ENABLE_OBJC_ARC = YES;
				CLANG_WARN_BOOL_CONVERSION = YES;
				CLANG_WARN_CONSTANT_CONVERSION = YES;
				CLANG_WARN_DIRECT_OBJC_ISA_USAGE = YES_ERROR;
				CLANG_WARN_EMPTY_BODY = YES;
				CLANG_WARN_ENUM_CONVERSION = YES;
				CLANG_WARN_INT_CONVERSION = YES;
				CLANG_WARN_OBJC_ROOT_CLASS = YES_ERROR;
				CLANG_WARN_UNREACHABLE_CODE = YES;
				CLANG_WARN__DUPLICATE_METHOD_MATCH = YES;
				"CODE_SIGN_IDENTITY[sdk=iphoneos*]" = "iPhone Developer";
				COPY_PHASE_STRIP = NO;
				ENABLE_STRICT_OBJC_MSGSEND = YES;
				GCC_C_LANGUAGE_STANDARD = gnu99;
				GCC_DYNAMIC_NO_PIC = NO;
				GCC_OPTIMIZATION_LEVEL = 0;
				GCC_PREPROCESSOR_DEFINITIONS = (
					"DEBUG=1",
					"$(inherited)",
				);
				GCC_SYMBOLS_PRIVATE_EXTERN = NO;
				GCC_WARN_64_TO_32_BIT_CONVERSION = YES;
				GCC_WARN_ABOUT_RETURN_TYPE = YES_ERROR;
				GCC_WARN_UNDECLARED_SELECTOR = YES;
				GCC_WARN_UNINITIALIZED_AUTOS = YES_AGGRESSIVE;
				GCC_WARN_UNUSED_FUNCTION = YES;
				GCC_WARN_UNUSED_VARIABLE = YES;
				IPHONEOS_DEPLOYMENT_TARGET = 8.0;
				MTL_ENABLE_DEBUG_INFO = YES;
				ONLY_ACTIVE_ARCH = YES;
				SDKROOT = iphoneos;
				SWIFT_OPTIMIZATION_LEVEL = "-Onone";
			};
			name = Debug;
		};
		3605857819936342007F9816 /* Release */ = {
			isa = XCBuildConfiguration;
			buildSettings = {
				ALWAYS_SEARCH_USER_PATHS = NO;
				CLANG_CXX_LANGUAGE_STANDARD = "gnu++0x";
				CLANG_CXX_LIBRARY = "libc++";
				CLANG_ENABLE_MODULES = YES;
				CLANG_ENABLE_OBJC_ARC = YES;
				CLANG_WARN_BOOL_CONVERSION = YES;
				CLANG_WARN_CONSTANT_CONVERSION = YES;
				CLANG_WARN_DIRECT_OBJC_ISA_USAGE = YES_ERROR;
				CLANG_WARN_EMPTY_BODY = YES;
				CLANG_WARN_ENUM_CONVERSION = YES;
				CLANG_WARN_INT_CONVERSION = YES;
				CLANG_WARN_OBJC_ROOT_CLASS = YES_ERROR;
				CLANG_WARN_UNREACHABLE_CODE = YES;
				CLANG_WARN__DUPLICATE_METHOD_MATCH = YES;
				"CODE_SIGN_IDENTITY[sdk=iphoneos*]" = "iPhone Developer";
				COPY_PHASE_STRIP = YES;
				ENABLE_NS_ASSERTIONS = NO;
				ENABLE_STRICT_OBJC_MSGSEND = YES;
				GCC_C_LANGUAGE_STANDARD = gnu99;
				GCC_WARN_64_TO_32_BIT_CONVERSION = YES;
				GCC_WARN_ABOUT_RETURN_TYPE = YES_ERROR;
				GCC_WARN_UNDECLARED_SELECTOR = YES;
				GCC_WARN_UNINITIALIZED_AUTOS = YES_AGGRESSIVE;
				GCC_WARN_UNUSED_FUNCTION = YES;
				GCC_WARN_UNUSED_VARIABLE = YES;
				IPHONEOS_DEPLOYMENT_TARGET = 8.0;
				MTL_ENABLE_DEBUG_INFO = NO;
				SDKROOT = iphoneos;
				VALIDATE_PRODUCT = YES;
			};
			name = Release;
		};
		3605857A19936342007F9816 /* Debug */ = {
			isa = XCBuildConfiguration;
			buildSettings = {
				ASSETCATALOG_COMPILER_APPICON_NAME = AppIcon;
				ASSETCATALOG_COMPILER_LAUNCHIMAGE_NAME = LaunchImage;
				INFOPLIST_FILE = sc/Info.plist;
				LD_RUNPATH_SEARCH_PATHS = "$(inherited) @executable_path/Frameworks";
				PRODUCT_NAME = "$(TARGET_NAME)";
			};
			name = Debug;
		};
		3605857B19936342007F9816 /* Release */ = {
			isa = XCBuildConfiguration;
			buildSettings = {
				ASSETCATALOG_COMPILER_APPICON_NAME = AppIcon;
				ASSETCATALOG_COMPILER_LAUNCHIMAGE_NAME = LaunchImage;
				INFOPLIST_FILE = sc/Info.plist;
				LD_RUNPATH_SEARCH_PATHS = "$(inherited) @executable_path/Frameworks";
				PRODUCT_NAME = "$(TARGET_NAME)";
			};
			name = Release;
		};
		3605857D19936342007F9816 /* Debug */ = {
			isa = XCBuildConfiguration;
			buildSettings = {
				BUNDLE_LOADER = "$(BUILT_PRODUCTS_DIR)/sc.app/sc";
				FRAMEWORK_SEARCH_PATHS = (
					"$(SDKROOT)/Developer/Library/Frameworks",
					"$(inherited)",
				);
				GCC_PREPROCESSOR_DEFINITIONS = (
					"DEBUG=1",
					"$(inherited)",
				);
				INFOPLIST_FILE = scTests/Info.plist;
				LD_RUNPATH_SEARCH_PATHS = "$(inherited) @executable_path/Frameworks @loader_path/Frameworks";
				PRODUCT_NAME = "$(TARGET_NAME)";
				TEST_HOST = "$(BUNDLE_LOADER)";
			};
			name = Debug;
		};
		3605857E19936342007F9816 /* Release */ = {
			isa = XCBuildConfiguration;
			buildSettings = {
				BUNDLE_LOADER = "$(BUILT_PRODUCTS_DIR)/sc.app/sc";
				FRAMEWORK_SEARCH_PATHS = (
					"$(SDKROOT)/Developer/Library/Frameworks",
					"$(inherited)",
				);
				INFOPLIST_FILE = scTests/Info.plist;
				LD_RUNPATH_SEARCH_PATHS = "$(inherited) @executable_path/Frameworks @loader_path/Frameworks";
				PRODUCT_NAME = "$(TARGET_NAME)";
				TEST_HOST = "$(BUNDLE_LOADER)";
			};
			name = Release;
		};
/* End XCBuildConfiguration section */

/* Begin XCConfigurationList section */
		3605855819936342007F9816 /* Build configuration list for PBXProject "sc" */ = {
			isa = XCConfigurationList;
			buildConfigurations = (
				3605857719936342007F9816 /* Debug */,
				3605857819936342007F9816 /* Release */,
			);
			defaultConfigurationIsVisible = 0;
			defaultConfigurationName = Release;
		};
		3605857919936342007F9816 /* Build configuration list for PBXNativeTarget "sc" */ = {
			isa = XCConfigurationList;
			buildConfigurations = (
				3605857A19936342007F9816 /* Debug */,
				3605857B19936342007F9816 /* Release */,
			);
			defaultConfigurationIsVisible = 0;
		};
		3605857C19936342007F9816 /* Build configuration list for PBXNativeTarget "scTests" */ = {
			isa = XCConfigurationList;
			buildConfigurations = (
				3605857D19936342007F9816 /* Debug */,
				3605857E19936342007F9816 /* Release */,
			);
			defaultConfigurationIsVisible = 0;
		};
/* End XCConfigurationList section */
	};
	rootObject = 3605855519936342007F9816 /* Project object */;
}
